<?xml version="1.0" encoding="utf-8"?>
<Project ToolsVersion="4.0" xmlns="http://schemas.microsoft.com/developer/msbuild/2003">
  <ItemGroup>
    <Filter Include="win32">
      <UniqueIdentifier>{84a8ebd7-7cf0-47f6-b75e-d441df67da40}</UniqueIdentifier>
    </Filter>
    <Filter Include="resource">
      <UniqueIdentifier>{715254bc-d70b-4ec5-bf29-467dd3ace079}</UniqueIdentifier>
    </Filter>
    <Filter Include="src">
      <UniqueIdentifier>{bb6c862e-70e9-49d9-81b7-3829a6f50471}</UniqueIdentifier>
    </Filter>
  </ItemGroup>
  <ItemGroup>
    <ClCompile Include="main.cpp">
      <Filter>win32</Filter>
    </ClCompile>
    <ClCompile Include="..\Classes\AppDelegate.cpp">
      <Filter>src</Filter>
    </ClCompile>
    <ClCompile Include="..\Classes\HelloWorldScene.cpp">
      <Filter>src</Filter>
    </ClCompile>
    <ClCompile Include="..\Classes\Bulletfactory.cpp">
      <Filter>src</Filter>
    </ClCompile>
    <ClCompile Include="..\Classes\Buytaskbar.cpp">
      <Filter>src</Filter>
    </ClCompile>
    <ClCompile Include="..\Classes\Cbullet.cpp">
      <Filter>src</Filter>
    </ClCompile>
    <ClCompile Include="..\Classes\Chero.cpp">
      <Filter>src</Filter>
    </ClCompile>
    <ClCompile Include="..\Classes\Cmonster.cpp">
      <Filter>src</Filter>
    </ClCompile>
    <ClCompile Include="..\Classes\Cmonsterchicken.cpp">
      <Filter>src</Filter>
    </ClCompile>
    <ClCompile Include="..\Classes\Cmonsterpig.cpp">
      <Filter>src</Filter>
    </ClCompile>
    <ClCompile Include="..\Classes\DemoBuyinfo.cpp">
      <Filter>src</Filter>
    </ClCompile>
    <ClCompile Include="..\Classes\IconBuyinfo.cpp">
      <Filter>src</Filter>
    </ClCompile>
    <ClCompile Include="..\Classes\LayerDilot.cpp">
      <Filter>src</Filter>
    </ClCompile>
    <ClCompile Include="..\Classes\Layerinfo.cpp">
      <Filter>src</Filter>
    </ClCompile>
    <ClCompile Include="..\Classes\Monsterfactory.cpp">
      <Filter>src</Filter>
    </ClCompile>
    <ClCompile Include="..\Classes\Myanimation.cpp">
      <Filter>src</Filter>
    </ClCompile>
    <ClCompile Include="..\Classes\PowerBuyinfo.cpp">
      <Filter>src</Filter>
    </ClCompile>
    <ClCompile Include="..\Classes\SceneBuy.cpp">
      <Filter>src</Filter>
    </ClCompile>
    <ClCompile Include="..\Classes\SceneFankui.cpp">
      <Filter>src</Filter>
    </ClCompile>
    <ClCompile Include="..\Classes\SceneFlybrowSelect.cpp">
      <Filter>src</Filter>
    </ClCompile>
    <ClCompile Include="..\Classes\SceneGame.cpp">
      <Filter>src</Filter>
    </ClCompile>
    <ClCompile Include="..\Classes\SceneGameHall.cpp">
      <Filter>src</Filter>
    </ClCompile>
    <ClCompile Include="..\Classes\SceneGameLogo.cpp">
      <Filter>src</Filter>
    </ClCompile>
    <ClCompile Include="..\Classes\SceneGameReady.cpp">
      <Filter>src</Filter>
    </ClCompile>
    <ClCompile Include="..\Classes\ScenePetSelect.cpp">
      <Filter>src</Filter>
    </ClCompile>
    <ClCompile Include="..\Classes\SceneRoleSelect.cpp">
      <Filter>src</Filter>
    </ClCompile>
    <ClCompile Include="..\Classes\SelectLayerinfo.cpp">
      <Filter>src</Filter>
    </ClCompile>
    <ClCompile Include="..\Classes\Management.cpp">
      <Filter>src</Filter>
    </ClCompile>
    <ClCompile Include="..\Classes\Cboss.cpp">
      <Filter>src</Filter>
    </ClCompile>
    <ClCompile Include="..\Classes\CbossShark.cpp">
      <Filter>src</Filter>
    </ClCompile>
    <ClCompile Include="..\Classes\Cmachine.cpp">
      <Filter>src</Filter>
    </ClCompile>
    <ClCompile Include="..\Classes\BossFactory.cpp">
      <Filter>src</Filter>
    </ClCompile>
    <ClCompile Include="..\Classes\Cmonstershark.cpp">
      <Filter>src</Filter>
    </ClCompile>
    <ClCompile Include="..\Classes\Cmonstermachine.cpp">
      <Filter>src</Filter>
    </ClCompile>
  </ItemGroup>
  <ItemGroup>
    <ClInclude Include="main.h">
      <Filter>win32</Filter>
    </ClInclude>
    <ClInclude Include="..\Classes\AppDelegate.h">
      <Filter>src</Filter>
    </ClInclude>
    <ClInclude Include="..\Classes\HelloWorldScene.h">
      <Filter>src</Filter>
    </ClInclude>
    <ClInclude Include="..\Classes\Bulletfactory.h">
      <Filter>src</Filter>
    </ClInclude>
    <ClInclude Include="..\Classes\Buytaskbar.h">
      <Filter>src</Filter>
    </ClInclude>
    <ClInclude Include="..\Classes\Cbullet.h">
      <Filter>src</Filter>
    </ClInclude>
    <ClInclude Include="..\Classes\Chero.h">
      <Filter>src</Filter>
    </ClInclude>
    <ClInclude Include="..\Classes\Cmonster.h">
      <Filter>src</Filter>
    </ClInclude>
    <ClInclude Include="..\Classes\Cmonsterchicken.h">
      <Filter>src</Filter>
    </ClInclude>
    <ClInclude Include="..\Classes\Cmonsterpig.h">
      <Filter>src</Filter>
    </ClInclude>
    <ClInclude Include="..\Classes\DemoBuyinfo.h">
      <Filter>src</Filter>
    </ClInclude>
    <ClInclude Include="..\Classes\IconBuyinfo.h">
      <Filter>src</Filter>
    </ClInclude>
    <ClInclude Include="..\Classes\LayerDilot.h">
      <Filter>src</Filter>
    </ClInclude>
    <ClInclude Include="..\Classes\Layerinfo.h">
      <Filter>src</Filter>
    </ClInclude>
    <ClInclude Include="..\Classes\Monsterfactory.h">
      <Filter>src</Filter>
    </ClInclude>
    <ClInclude Include="..\Classes\Myanimation.h">
      <Filter>src</Filter>
    </ClInclude>
    <ClInclude Include="..\Classes\PowerBuyinfo.h">
      <Filter>src</Filter>
    </ClInclude>
    <ClInclude Include="..\Classes\SceneBuy.h">
      <Filter>src</Filter>
    </ClInclude>
    <ClInclude Include="..\Classes\SceneFankui.h">
      <Filter>src</Filter>
    </ClInclude>
    <ClInclude Include="..\Classes\SceneFlybrowSelect.h">
      <Filter>src</Filter>
    </ClInclude>
    <ClInclude Include="..\Classes\SceneGame.h">
      <Filter>src</Filter>
    </ClInclude>
    <ClInclude Include="..\Classes\SceneGameHall.h">
      <Filter>src</Filter>
    </ClInclude>
    <ClInclude Include="..\Classes\SceneGameLogo.h">
      <Filter>src</Filter>
    </ClInclude>
    <ClInclude Include="..\Classes\SceneGameReady.h">
      <Filter>src</Filter>
    </ClInclude>
    <ClInclude Include="..\Classes\ScenePetSelect.h">
      <Filter>src</Filter>
    </ClInclude>
    <ClInclude Include="..\Classes\SceneRoleSelect.h">
      <Filter>src</Filter>
    </ClInclude>
    <ClInclude Include="..\Classes\SelectLayerinfo.h">
      <Filter>src</Filter>
    </ClInclude>
    <ClInclude Include="..\Classes\Management.h">
      <Filter>src</Filter>
    </ClInclude>
    <ClInclude Include="..\Classes\Cboss.h">
      <Filter>src</Filter>
    </ClInclude>
    <ClInclude Include="..\Classes\CbossShark.h">
      <Filter>src</Filter>
    </ClInclude>
    <ClInclude Include="..\Classes\Cmachine.h">
      <Filter>src</Filter>
    </ClInclude>
    <ClInclude Include="..\Classes\BossFactory.h">
      <Filter>src</Filter>
    </ClInclude>
    <ClInclude Include="..\Classes\Cmonstershark.h">
      <Filter>src</Filter>
    </ClInclude>
    <ClInclude Include="..\Classes\Cmonstermachine.h">
      <Filter>src</Filter>
    </ClInclude>
  </ItemGroup>
  <ItemGroup>
    <ResourceCompile Include="game.rc">
      <Filter>resource</Filter>
    </ResourceCompile>
  </ItemGroup>
</Project>